
Microsoft Visual Studio Solution File, Format Version 12.00
Project("{FAE04EC0-301F-11D3-BF4B-00C04F79EFBC}") = "Api", "Api\Api.csproj", "{B4A115B3-0810-4B22-8443-4FB13A0BEF4E}"
EndProject
Project("{FAE04EC0-301F-11D3-BF4B-00C04F79EFBC}") = "Domain", "Domain\Domain.csproj", "{DC98D736-A62E-468C-AF19-3BD5170D59C2}"
EndProject
Project("{FAE04EC0-301F-11D3-BF4B-00C04F79EFBC}") = "Service", "Service\Service.csproj", "{FEAE35CD-8466-430E-BAEC-752AD4E10CA3}"
EndProject
Project("{FAE04EC0-301F-11D3-BF4B-00C04F79EFBC}") = "Repository", "Repository\Repository.csproj", "{74F8DEBD-BADE-40AE-914C-7243F12B586D}"
EndProject
Global
	GlobalSection(SolutionConfigurationPlatforms) = preSolution
		Debug|Any CPU = Debug|Any CPU
		Release|Any CPU = Release|Any CPU
	EndGlobalSection
	GlobalSection(ProjectConfigurationPlatforms) = postSolution
		{B4A115B3-0810-4B22-8443-4FB13A0BEF4E}.Debug|Any CPU.ActiveCfg = Debug|Any CPU
		{B4A115B3-0810-4B22-8443-4FB13A0BEF4E}.Debug|Any CPU.Build.0 = Debug|Any CPU
		{B4A115B3-0810-4B22-8443-4FB13A0BEF4E}.Release|Any CPU.ActiveCfg = Release|Any CPU
		{B4A115B3-0810-4B22-8443-4FB13A0BEF4E}.Release|Any CPU.Build.0 = Release|Any CPU
		{DC98D736-A62E-468C-AF19-3BD5170D59C2}.Debug|Any CPU.ActiveCfg = Debug|Any CPU
		{DC98D736-A62E-468C-AF19-3BD5170D59C2}.Debug|Any CPU.Build.0 = Debug|Any CPU
		{DC98D736-A62E-468C-AF19-3BD5170D59C2}.Release|Any CPU.ActiveCfg = Release|Any CPU
		{DC98D736-A62E-468C-AF19-3BD5170D59C2}.Release|Any CPU.Build.0 = Release|Any CPU
		{FEAE35CD-8466-430E-BAEC-752AD4E10CA3}.Debug|Any CPU.ActiveCfg = Debug|Any CPU
		{FEAE35CD-8466-430E-BAEC-752AD4E10CA3}.Debug|Any CPU.Build.0 = Debug|Any CPU
		{FEAE35CD-8466-430E-BAEC-752AD4E10CA3}.Release|Any CPU.ActiveCfg = Release|Any CPU
		{FEAE35CD-8466-430E-BAEC-752AD4E10CA3}.Release|Any CPU.Build.0 = Release|Any CPU
		{74F8DEBD-BADE-40AE-914C-7243F12B586D}.Debug|Any CPU.ActiveCfg = Debug|Any CPU
		{74F8DEBD-BADE-40AE-914C-7243F12B586D}.Debug|Any CPU.Build.0 = Debug|Any CPU
		{74F8DEBD-BADE-40AE-914C-7243F12B586D}.Release|Any CPU.ActiveCfg = Release|Any CPU
		{74F8DEBD-BADE-40AE-914C-7243F12B586D}.Release|Any CPU.Build.0 = Release|Any CPU
	EndGlobalSection
EndGlobal
